// !$*UTF8*$!
{
	archiveVersion = 1;
	classes = {
	};
	objectVersion = 48;
	objects = {

/* Begin PBXBuildFile section */
		EFA8864420583E050009B5F9 /* AppDelegate.swift in Sources */ = {isa = PBXBuildFile; fileRef = EFA8864320583E050009B5F9 /* AppDelegate.swift */; };
		EFA8864620583E050009B5F9 /* ViewController.swift in Sources */ = {isa = PBXBuildFile; fileRef = EFA8864520583E050009B5F9 /* ViewController.swift */; };
		EFA8864920583E050009B5F9 /* Main.storyboard in Resources */ = {isa = PBXBuildFile; fileRef = EFA8864720583E050009B5F9 /* Main.storyboard */; };
		EFA8864B20583E050009B5F9 /* Assets.xcassets in Resources */ = {isa = PBXBuildFile; fileRef = EFA8864A20583E050009B5F9 /* Assets.xcassets */; };
		EFA8864E20583E050009B5F9 /* LaunchScreen.storyboard in Resources */ = {isa = PBXBuildFile; fileRef = EFA8864C20583E050009B5F9 /* LaunchScreen.storyboard */; };
		EFA8865620599CCA0009B5F9 /* MenuBar.swift in Sources */ = {isa = PBXBuildFile; fileRef = EFA8865520599CCA0009B5F9 /* MenuBar.swift */; };
		EFA88658206063850009B5F9 /* SettingsLauncher.swift in Sources */ = {isa = PBXBuildFile; fileRef = EFA88657206063840009B5F9 /* SettingsLauncher.swift */; };
		EFA8865A206179460009B5F9 /* SettingCell.swift in Sources */ = {isa = PBXBuildFile; fileRef = EFA88659206179460009B5F9 /* SettingCell.swift */; };
/* End PBXBuildFile section */

/* Begin PBXFileReference section */
		EFA8864020583E050009B5F9 /* MyWorldCup.app */ = {isa = PBXFileReference; explicitFileType = wrapper.application; includeInIndex = 0; path = MyWorldCup.app; sourceTree = BUILT_PRODUCTS_DIR; };
		EFA8864320583E050009B5F9 /* AppDelegate.swift */ = {isa = PBXFileReference; lastKnownFileType = sourcecode.swift; path = AppDelegate.swift; sourceTree = "<group>"; };
		EFA8864520583E050009B5F9 /* ViewController.swift */ = {isa = PBXFileReference; lastKnownFileType = sourcecode.swift; path = ViewController.swift; sourceTree = "<group>"; };
		EFA8864820583E050009B5F9 /* Base */ = {isa = PBXFileReference; lastKnownFileType = file.storyboard; name = Base; path = Base.lproj/Main.storyboard; sourceTree = "<group>"; };
		EFA8864A20583E050009B5F9 /* Assets.xcassets */ = {isa = PBXFileReference; lastKnownFileType = folder.assetcatalog; path = Assets.xcassets; sourceTree = "<group>"; };
		EFA8864D20583E050009B5F9 /* Base */ = {isa = PBXFileReference; lastKnownFileType = file.storyboard; name = Base; path = Base.lproj/LaunchScreen.storyboard; sourceTree = "<group>"; };
		EFA8864F20583E050009B5F9 /* Info.plist */ = {isa = PBXFileReference; lastKnownFileType = text.plist.xml; path = Info.plist; sourceTree = "<group>"; };
		EFA8865520599CCA0009B5F9 /* MenuBar.swift */ = {isa = PBXFileReference; lastKnownFileType = sourcecode.swift; path = MenuBar.swift; sourceTree = "<group>"; };
		EFA88657206063840009B5F9 /* SettingsLauncher.swift */ = {isa = PBXFileReference; lastKnownFileType = sourcecode.swift; path = SettingsLauncher.swift; sourceTree = "<group>"; };
		EFA88659206179460009B5F9 /* SettingCell.swift */ = {isa = PBXFileReference; lastKnownFileType = sourcecode.swift; path = SettingCell.swift; sourceTree = "<group>"; };
/* End PBXFileReference section */

/* Begin PBXFrameworksBuildPhase section */
		EFA8863D20583E050009B5F9 /* Frameworks */ = {
			isa = PBXFrameworksBuildPhase;
			buildActionMask = 2147483647;
			files = (
			);
			runOnlyForDeploymentPostprocessing = 0;
		};
/* End PBXFrameworksBuildPhase section */

/* Begin PBXGroup section */
		EFA8863720583E050009B5F9 = {
			isa = PBXGroup;
			children = (
				EFA8864220583E050009B5F9 /* MyWorldCup */,
				EFA8864120583E050009B5F9 /* Products */,
			);
			sourceTree = "<group>";
		};
		EFA8864120583E050009B5F9 /* Products */ = {
			isa = PBXGroup;
			children = (
				EFA8864020583E050009B5F9 /* MyWorldCup.app */,
			);
			name = Products;
			sourceTree = "<group>";
		};
		EFA8864220583E050009B5F9 /* MyWorldCup */ = {
			isa = PBXGroup;
			children = (
				EFA8864320583E050009B5F9 /* AppDelegate.swift */,
				EFA8864520583E050009B5F9 /* ViewController.swift */,
				EFA88657206063840009B5F9 /* SettingsLauncher.swift */,
				EFA88659206179460009B5F9 /* SettingCell.swift */,
				EFA8865520599CCA0009B5F9 /* MenuBar.swift */,
				EFA8864720583E050009B5F9 /* Main.storyboard */,
				EFA8864A20583E050009B5F9 /* Assets.xcassets */,
				EFA8864C20583E050009B5F9 /* LaunchScreen.storyboard */,
				EFA8864F20583E050009B5F9 /* Info.plist */,
			);
			path = MyWorldCup;
			sourceTree = "<group>";
		};
/* End PBXGroup section */

/* Begin PBXNativeTarget section */
		EFA8863F20583E050009B5F9 /* MyWorldCup */ = {
			isa = PBXNativeTarget;
			buildConfigurationList = EFA8865220583E050009B5F9 /* Build configuration list for PBXNativeTarget "MyWorldCup" */;
			buildPhases = (
				EFA8863C20583E050009B5F9 /* Sources */,
				EFA8863D20583E050009B5F9 /* Frameworks */,
				EFA8863E20583E050009B5F9 /* Resources */,
			);
			buildRules = (
			);
			dependencies = (
			);
			name = MyWorldCup;
			productName = MyWorldCup;
			productReference = EFA8864020583E050009B5F9 /* MyWorldCup.app */;
			productType = "com.apple.product-type.application";
		};
/* End PBXNativeTarget section */

/* Begin PBXProject section */
		EFA8863820583E050009B5F9 /* Project object */ = {
			isa = PBXProject;
			attributes = {
				LastSwiftUpdateCheck = 0920;
				LastUpgradeCheck = 0920;
				ORGANIZATIONNAME = lisahsteele;
				TargetAttributes = {
					EFA8863F20583E050009B5F9 = {
						CreatedOnToolsVersion = 9.2;
						ProvisioningStyle = Automatic;
					};
				};
			};
			buildConfigurationList = EFA8863B20583E050009B5F9 /* Build configuration list for PBXProject "MyWorldCup" */;
			compatibilityVersion = "Xcode 8.0";
			developmentRegion = en;
			hasScannedForEncodings = 0;
			knownRegions = (
				en,
				Base,
			);
			mainGroup = EFA8863720583E050009B5F9;
			productRefGroup = EFA8864120583E050009B5F9 /* Products */;
			projectDirPath = "";
			projectRoot = "";
			targets = (
				EFA8863F20583E050009B5F9 /* MyWorldCup */,
			);
		};
/* End PBXProject section */

/* Begin PBXResourcesBuildPhase section */
		EFA8863E20583E050009B5F9 /* Resources */ = {
			isa = PBXResourcesBuildPhase;
			buildActionMask = 2147483647;
			files = (
				EFA8864E20583E050009B5F9 /* LaunchScreen.storyboard in Resources */,
				EFA8864B20583E050009B5F9 /* Assets.xcassets in Resources */,
				EFA8864920583E050009B5F9 /* Main.storyboard in Resources */,
			);
			runOnlyForDeploymentPostprocessing = 0;
		};
/* End PBXResourcesBuildPhase section */

/* Begin PBXSourcesBuildPhase section */
		EFA8863C20583E050009B5F9 /* Sources */ = {
			isa = PBXSourcesBuildPhase;
			buildActionMask = 2147483647;
			files = (
				EFA88658206063850009B5F9 /* SettingsLauncher.swift in Sources */,
				EFA8864620583E050009B5F9 /* ViewController.swift in Sources */,
				EFA8864420583E050009B5F9 /* AppDelegate.swift in Sources */,
				EFA8865A206179460009B5F9 /* SettingCell.swift in Sources */,
				EFA8865620599CCA0009B5F9 /* MenuBar.swift in Sources */,
			);
			runOnlyForDeploymentPostprocessing = 0;
		};
/* End PBXSourcesBuildPhase section */

/* Begin PBXVariantGroup section */
		EFA8864720583E050009B5F9 /* Main.storyboard */ = {
			isa = PBXVariantGroup;
			children = (
				EFA8864820583E050009B5F9 /* Base */,
			);
			name = Main.storyboard;
			sourceTree = "<group>";
		};
		EFA8864C20583E050009B5F9 /* LaunchScreen.storyboard */ = {
			isa = PBXVariantGroup;
			children = (
				EFA8864D20583E050009B5F9 /* Base */,
			);
			name = LaunchScreen.storyboard;
			sourceTree = "<group>";
		};
/* End PBXVariantGroup section */

/* Begin XCBuildConfiguration section */
		EFA8865020583E050009B5F9 /* Debug */ = {
			isa = XCBuildConfiguration;
			buildSettings = {
				ALWAYS_SEARCH_USER_PATHS = NO;
				CLANG_ANALYZER_NONNULL = YES;
				CLANG_ANALYZER_NUMBER_OBJECT_CONVERSION = YES_AGGRESSIVE;
				CLANG_CXX_LANGUAGE_STANDARD = "gnu++14";
				CLANG_CXX_LIBRARY = "libc++";
				CLANG_ENABLE_MODULES = YES;
				CLANG_ENABLE_OBJC_ARC = YES;
				CLANG_WARN_BLOCK_CAPTURE_AUTORELEASING = YES;
				CLANG_WARN_BOOL_CONVERSION = YES;
				CLANG_WARN_COMMA = YES;
				CLANG_WARN_CONSTANT_CONVERSION = YES;
				CLANG_WARN_DIRECT_OBJC_ISA_USAGE = YES_ERROR;
				CLANG_WARN_DOCUMENTATION_COMMENTS = YES;
				CLANG_WARN_EMPTY_BODY = YES;
				CLANG_WARN_ENUM_CONVERSION = YES;
				CLANG_WARN_INFINITE_RECURSION = YES;
				CLANG_WARN_INT_CONVERSION = YES;
				CLANG_WARN_NON_LITERAL_NULL_CONVERSION = YES;
				CLANG_WARN_OBJC_LITERAL_CONVERSION = YES;
				CLANG_WARN_OBJC_ROOT_CLASS = YES_ERROR;
				CLANG_WARN_RANGE_LOOP_ANALYSIS = YES;
				CLANG_WARN_STRICT_PROTOTYPES = YES;
				CLANG_WARN_SUSPICIOUS_MOVE = YES;
				CLANG_WARN_UNGUARDED_AVAILABILITY = YES_AGGRESSIVE;
				CLANG_WARN_UNREACHABLE_CODE = YES;
				CLANG_WARN__DUPLICATE_METHOD_MATCH = YES;
				CODE_SIGN_IDENTITY = "iPhone Developer";
				COPY_PHASE_STRIP = NO;
				DEBUG_INFORMATION_FORMAT = dwarf;
				ENABLE_STRICT_OBJC_MSGSEND = YES;
				ENABLE_TESTABILITY = YES;
				GCC_C_LANGUAGE_STANDARD = gnu11;
				GCC_DYNAMIC_NO_PIC = NO;
				GCC_NO_COMMON_BLOCKS = YES;
				GCC_OPTIMIZATION_LEVEL = 0;
				GCC_PREPROCESSOR_DEFINITIONS = (
					"DEBUG=1",
					"$(inherited)",
				);
				GCC_WARN_64_TO_32_BIT_CONVERSION = YES;
				GCC_WARN_ABOUT_RETURN_TYPE = YES_ERROR;
				GCC_WARN_UNDECLARED_SELECTOR = YES;
				GCC_WARN_UNINITIALIZED_AUTOS = YES_AGGRESSIVE;
				GCC_WARN_UNUSED_FUNCTION = YES;
				GCC_WARN_UNUSED_VARIABLE = YES;
				IPHONEOS_DEPLOYMENT_TARGET = 11.2;
				MTL_ENABLE_DEBUG_INFO = YES;
				ONLY_ACTIVE_ARCH = YES;
				SDKROOT = iphoneos;
				SWIFT_ACTIVE_COMPILATION_CONDITIONS = DEBUG;
				SWIFT_OPTIMIZATION_LEVEL = "-Onone";
			};
			name = Debug;
		};
		EFA8865120583E050009B5F9 /* Release */ = {
			isa = XCBuildConfiguration;
			buildSettings = {
				ALWAYS_SEARCH_USER_PATHS = NO;
				CLANG_ANALYZER_NONNULL = YES;
				CLANG_ANALYZER_NUMBER_OBJECT_CONVERSION = YES_AGGRESSIVE;
				CLANG_CXX_LANGUAGE_STANDARD = "gnu++14";
				CLANG_CXX_LIBRARY = "libc++";
				CLANG_ENABLE_MODULES = YES;
				CLANG_ENABLE_OBJC_ARC = YES;
				CLANG_WARN_BLOCK_CAPTURE_AUTORELEASING = YES;
				CLANG_WARN_BOOL_CONVERSION = YES;
				CLANG_WARN_COMMA = YES;
				CLANG_WARN_CONSTANT_CONVERSION = YES;
				CLANG_WARN_DIRECT_OBJC_ISA_USAGE = YES_ERROR;
				CLANG_WARN_DOCUMENTATION_COMMENTS = YES;
				CLANG_WARN_EMPTY_BODY = YES;
				CLANG_WARN_ENUM_CONVERSION = YES;
				CLANG_WARN_INFINITE_RECURSION = YES;
				CLANG_WARN_INT_CONVERSION = YES;
				CLANG_WARN_NON_LITERAL_NULL_CONVERSION = YES;
				CLANG_WARN_OBJC_LITERAL_CONVERSION = YES;
				CLANG_WARN_OBJC_ROOT_CLASS = YES_ERROR;
				CLANG_WARN_RANGE_LOOP_ANALYSIS = YES;
				CLANG_WARN_STRICT_PROTOTYPES = YES;
				CLANG_WARN_SUSPICIOUS_MOVE = YES;
				CLANG_WARN_UNGUARDED_AVAILABILITY = YES_AGGRESSIVE;
				CLANG_WARN_UNREACHABLE_CODE = YES;
				CLANG_WARN__DUPLICATE_METHOD_MATCH = YES;
				CODE_SIGN_IDENTITY = "iPhone Developer";
				COPY_PHASE_STRIP = NO;
				DEBUG_INFORMATION_FORMAT = "dwarf-with-dsym";
				ENABLE_NS_ASSERTIONS = NO;
				ENABLE_STRICT_OBJC_MSGSEND = YES;
				GCC_C_LANGUAGE_STANDARD = gnu11;
				GCC_NO_COMMON_BLOCKS = YES;
				GCC_WARN_64_TO_32_BIT_CONVERSION = YES;
				GCC_WARN_ABOUT_RETURN_TYPE = YES_ERROR;
				GCC_WARN_UNDECLARED_SELECTOR = YES;
				GCC_WARN_UNINITIALIZED_AUTOS = YES_AGGRESSIVE;
				GCC_WARN_UNUSED_FUNCTION = YES;
				GCC_WARN_UNUSED_VARIABLE = YES;
				IPHONEOS_DEPLOYMENT_TARGET = 11.2;
				MTL_ENABLE_DEBUG_INFO = NO;
				SDKROOT = iphoneos;
				SWIFT_OPTIMIZATION_LEVEL = "-Owholemodule";
				VALIDATE_PRODUCT = YES;
			};
			name = Release;
		};
		EFA8865320583E050009B5F9 /* Debug */ = {
			isa = XCBuildConfiguration;
			buildSettings = {
				ASSETCATALOG_COMPILER_APPICON_NAME = AppIcon;
				CODE_SIGN_STYLE = Automatic;
				DEVELOPMENT_TEAM = 77F66T2364;
				INFOPLIST_FILE = MyWorldCup/Info.plist;
				LD_RUNPATH_SEARCH_PATHS = "$(inherited) @executable_path/Frameworks";
				PRODUCT_BUNDLE_IDENTIFIER = com.lisahsteele.MyWorldCup;
				PRODUCT_NAME = "$(TARGET_NAME)";
				SWIFT_VERSION = 4.0;
				TARGETED_DEVICE_FAMILY = "1,2";
			};
			name = Debug;
		};
		EFA8865420583E050009B5F9 /* Release */ = {
			isa = XCBuildConfiguration;
			buildSettings = {
				ASSETCATALOG_COMPILER_APPICON_NAME = AppIcon;
				CODE_SIGN_STYLE = Automatic;
				DEVELOPMENT_TEAM = 77F66T2364;
				INFOPLIST_FILE = MyWorldCup/Info.plist;
				LD_RUNPATH_SEARCH_PATHS = "$(inherited) @executable_path/Frameworks";
				PRODUCT_BUNDLE_IDENTIFIER = com.lisahsteele.MyWorldCup;
				PRODUCT_NAME = "$(TARGET_NAME)";
				SWIFT_VERSION = 4.0;
				TARGETED_DEVICE_FAMILY = "1,2";
			};
			name = Release;
		};
/* End XCBuildConfiguration section */

/* Begin XCConfigurationList section */
		EFA8863B20583E050009B5F9 /* Build configuration list for PBXProject "MyWorldCup" */ = {
			isa = XCConfigurationList;
			buildConfigurations = (
				EFA8865020583E050009B5F9 /* Debug */,
				EFA8865120583E050009B5F9 /* Release */,
			);
			defaultConfigurationIsVisible = 0;
			defaultConfigurationName = Release;
		};
		EFA8865220583E050009B5F9 /* Build configuration list for PBXNativeTarget "MyWorldCup" */ = {
			isa = XCConfigurationList;
			buildConfigurations = (
				EFA8865320583E050009B5F9 /* Debug */,
				EFA8865420583E050009B5F9 /* Release */,
			);
			defaultConfigurationIsVisible = 0;
			defaultConfigurationName = Release;
		};
/* End XCConfigurationList section */
	};
	rootObject = EFA8863820583E050009B5F9 /* Project object */;
}
